
Microsoft Visual Studio Solution File, Format Version 12.00
# Visual Studio 15
VisualStudioVersion = 15.0.28010.2036
MinimumVisualStudioVersion = 10.0.40219.1
Project("{8BC9CEB8-8B4A-11D0-8D11-00A0C91BC942}") = "UnityDefaultFontULTFontPlugin", "UnityDefaultFontULTFontPlugin\UnityDefaultFontULTFontPlugin.vcxproj", "{EDDB56A8-2608-4270-9B1A-322718D12578}"
EndProject
Global
	GlobalSection(SolutionConfigurationPlatforms) = preSolution
		Debug|x64 = Debug|x64
		Debug|x86 = Debug|x86
		Release|x64 = Release|x64
		Release|x86 = Release|x86
	EndGlobalSection
	GlobalSection(ProjectConfigurationPlatforms) = postSolution
		{EDDB56A8-2608-4270-9B1A-322718D12578}.Debug|x64.ActiveCfg = Debug|x64
		{EDDB56A8-2608-4270-9B1A-322718D12578}.Debug|x64.Build.0 = Debug|x64
		{EDDB56A8-2608-4270-9B1A-322718D12578}.Debug|x86.ActiveCfg = Debug|Win32
		{EDDB56A8-2608-4270-9B1A-322718D12578}.Debug|x86.Build.0 = Debug|Win32
		{EDDB56A8-2608-4270-9B1A-322718D12578}.Release|x64.ActiveCfg = Release|x64
		{EDDB56A8-2608-4270-9B1A-322718D12578}.Release|x64.Build.0 = Release|x64
		{EDDB56A8-2608-4270-9B1A-322718D12578}.Release|x86.ActiveCfg = Release|Win32
		{EDDB56A8-2608-4270-9B1A-322718D12578}.Release|x86.Build.0 = Release|Win32
	EndGlobalSection
	GlobalSection(SolutionProperties) = preSolution
		HideSolutionNode = FALSE
	EndGlobalSection
	GlobalSection(ExtensibilityGlobals) = postSolution
		SolutionGuid = {49BCCE6C-52D7-4B2C-8DF5-DFE851A82E38}
	EndGlobalSection
EndGlobal
